
Microsoft Visual Studio Solution File, Format Version 12.00
# Visual Studio Version 16
VisualStudioVersion = 16.0.29728.190
MinimumVisualStudioVersion = 10.0.40219.1
Project("{FAE04EC0-301F-11D3-BF4B-00C04F79EFBC}") = "ProvaGit", "ProvaGit\ProvaGit.csproj", "{35DA63BD-DE20-4F11-99D9-C81CC286EC67}"
EndProject
Global
	GlobalSection(SolutionConfigurationPlatforms) = preSolution
		Debug|Any CPU = Debug|Any CPU
		Release|Any CPU = Release|Any CPU
	EndGlobalSection
	GlobalSection(ProjectConfigurationPlatforms) = postSolution
		{35DA63BD-DE20-4F11-99D9-C81CC286EC67}.Debug|Any CPU.ActiveCfg = Debug|Any CPU
		{35DA63BD-DE20-4F11-99D9-C81CC286EC67}.Debug|Any CPU.Build.0 = Debug|Any CPU
		{35DA63BD-DE20-4F11-99D9-C81CC286EC67}.Release|Any CPU.ActiveCfg = Release|Any CPU
		{35DA63BD-DE20-4F11-99D9-C81CC286EC67}.Release|Any CPU.Build.0 = Release|Any CPU
	EndGlobalSection
	GlobalSection(SolutionProperties) = preSolution
		HideSolutionNode = FALSE
	EndGlobalSection
	GlobalSection(ExtensibilityGlobals) = postSolution
		SolutionGuid = {6BB61645-EF90-48A6-AB01-6F75470C7988}
	EndGlobalSection
EndGlobal
